// !$*UTF8*$!
{
	archiveVersion = 1;
	classes = {
	};
	objectVersion = 56;
	objects = {

/* Begin PBXBuildFile section */
		7D1401EF2B1DA13400811972 /* AppDelegate.swift in Sources */ = {isa = PBXBuildFile; fileRef = 7D1401EE2B1DA13400811972 /* AppDelegate.swift */; };
		7D1401F12B1DA13400811972 /* SceneDelegate.swift in Sources */ = {isa = PBXBuildFile; fileRef = 7D1401F02B1DA13400811972 /* SceneDelegate.swift */; };
		7D1401F32B1DA13400811972 /* RMTabBarViewController.swift in Sources */ = {isa = PBXBuildFile; fileRef = 7D1401F22B1DA13400811972 /* RMTabBarViewController.swift */; };
		7D1401F82B1DA13500811972 /* Assets.xcassets in Resources */ = {isa = PBXBuildFile; fileRef = 7D1401F72B1DA13500811972 /* Assets.xcassets */; };
		7D1401FB2B1DA13500811972 /* LaunchScreen.storyboard in Resources */ = {isa = PBXBuildFile; fileRef = 7D1401F92B1DA13500811972 /* LaunchScreen.storyboard */; };
		7D14020A2B1DDEA900811972 /* RMLocation.swift in Sources */ = {isa = PBXBuildFile; fileRef = 7D1402092B1DDEA900811972 /* RMLocation.swift */; };
		7D14020C2B1DDEB900811972 /* RMCharacter.swift in Sources */ = {isa = PBXBuildFile; fileRef = 7D14020B2B1DDEB900811972 /* RMCharacter.swift */; };
		7D14020E2B1DDEC600811972 /* RMEpisode.swift in Sources */ = {isa = PBXBuildFile; fileRef = 7D14020D2B1DDEC600811972 /* RMEpisode.swift */; };
		7D1402132B1DDF8A00811972 /* RMCharacterViewController.swift in Sources */ = {isa = PBXBuildFile; fileRef = 7D1402122B1DDF8A00811972 /* RMCharacterViewController.swift */; };
		7D1402152B1DDF9600811972 /* RMEpisodeViewController.swift in Sources */ = {isa = PBXBuildFile; fileRef = 7D1402142B1DDF9600811972 /* RMEpisodeViewController.swift */; };
		7D1402172B1DDFA600811972 /* RMLocationViewController.swift in Sources */ = {isa = PBXBuildFile; fileRef = 7D1402162B1DDFA600811972 /* RMLocationViewController.swift */; };
		7D1402192B1DDFBF00811972 /* RMSettingsViewController.swift in Sources */ = {isa = PBXBuildFile; fileRef = 7D1402182B1DDFBF00811972 /* RMSettingsViewController.swift */; };
		7D14021B2B1F249100811972 /* RMService.swift in Sources */ = {isa = PBXBuildFile; fileRef = 7D14021A2B1F249100811972 /* RMService.swift */; };
		7D14021D2B1F24B300811972 /* RMRequest.swift in Sources */ = {isa = PBXBuildFile; fileRef = 7D14021C2B1F24B300811972 /* RMRequest.swift */; };
		7D14021F2B1F25F400811972 /* RMEndpoint.swift in Sources */ = {isa = PBXBuildFile; fileRef = 7D14021E2B1F25F400811972 /* RMEndpoint.swift */; };
		7D1402212B1F424900811972 /* RMOrigin.swift in Sources */ = {isa = PBXBuildFile; fileRef = 7D1402202B1F424800811972 /* RMOrigin.swift */; };
		7D1402232B1F437600811972 /* RMSingleLocation.swift in Sources */ = {isa = PBXBuildFile; fileRef = 7D1402222B1F437600811972 /* RMSingleLocation.swift */; };
		7D1402252B1F4F1100811972 /* RMCharacterGender.swift in Sources */ = {isa = PBXBuildFile; fileRef = 7D1402242B1F4F1100811972 /* RMCharacterGender.swift */; };
		7D7C4B082B2090F30017B2D0 /* RMGetAllCharactersResponse.swift in Sources */ = {isa = PBXBuildFile; fileRef = 7D7C4B072B2090F30017B2D0 /* RMGetAllCharactersResponse.swift */; };
/* End PBXBuildFile section */

/* Begin PBXFileReference section */
		7D1401EB2B1DA13400811972 /* RickAndMorty.app */ = {isa = PBXFileReference; explicitFileType = wrapper.application; includeInIndex = 0; path = RickAndMorty.app; sourceTree = BUILT_PRODUCTS_DIR; };
		7D1401EE2B1DA13400811972 /* AppDelegate.swift */ = {isa = PBXFileReference; lastKnownFileType = sourcecode.swift; path = AppDelegate.swift; sourceTree = "<group>"; };
		7D1401F02B1DA13400811972 /* SceneDelegate.swift */ = {isa = PBXFileReference; lastKnownFileType = sourcecode.swift; path = SceneDelegate.swift; sourceTree = "<group>"; };
		7D1401F22B1DA13400811972 /* RMTabBarViewController.swift */ = {isa = PBXFileReference; lastKnownFileType = sourcecode.swift; path = RMTabBarViewController.swift; sourceTree = "<group>"; usesTabs = 0; };
		7D1401F72B1DA13500811972 /* Assets.xcassets */ = {isa = PBXFileReference; lastKnownFileType = folder.assetcatalog; path = Assets.xcassets; sourceTree = "<group>"; };
		7D1401FA2B1DA13500811972 /* Base */ = {isa = PBXFileReference; lastKnownFileType = file.storyboard; name = Base; path = Base.lproj/LaunchScreen.storyboard; sourceTree = "<group>"; };
		7D1401FC2B1DA13500811972 /* Info.plist */ = {isa = PBXFileReference; lastKnownFileType = text.plist.xml; path = Info.plist; sourceTree = "<group>"; };
		7D1402092B1DDEA900811972 /* RMLocation.swift */ = {isa = PBXFileReference; lastKnownFileType = sourcecode.swift; path = RMLocation.swift; sourceTree = "<group>"; };
		7D14020B2B1DDEB900811972 /* RMCharacter.swift */ = {isa = PBXFileReference; lastKnownFileType = sourcecode.swift; path = RMCharacter.swift; sourceTree = "<group>"; };
		7D14020D2B1DDEC600811972 /* RMEpisode.swift */ = {isa = PBXFileReference; lastKnownFileType = sourcecode.swift; path = RMEpisode.swift; sourceTree = "<group>"; };
		7D1402122B1DDF8A00811972 /* RMCharacterViewController.swift */ = {isa = PBXFileReference; lastKnownFileType = sourcecode.swift; path = RMCharacterViewController.swift; sourceTree = "<group>"; };
		7D1402142B1DDF9600811972 /* RMEpisodeViewController.swift */ = {isa = PBXFileReference; lastKnownFileType = sourcecode.swift; path = RMEpisodeViewController.swift; sourceTree = "<group>"; };
		7D1402162B1DDFA600811972 /* RMLocationViewController.swift */ = {isa = PBXFileReference; lastKnownFileType = sourcecode.swift; path = RMLocationViewController.swift; sourceTree = "<group>"; };
		7D1402182B1DDFBF00811972 /* RMSettingsViewController.swift */ = {isa = PBXFileReference; lastKnownFileType = sourcecode.swift; path = RMSettingsViewController.swift; sourceTree = "<group>"; };
		7D14021A2B1F249100811972 /* RMService.swift */ = {isa = PBXFileReference; lastKnownFileType = sourcecode.swift; path = RMService.swift; sourceTree = "<group>"; };
		7D14021C2B1F24B300811972 /* RMRequest.swift */ = {isa = PBXFileReference; lastKnownFileType = sourcecode.swift; path = RMRequest.swift; sourceTree = "<group>"; };
		7D14021E2B1F25F400811972 /* RMEndpoint.swift */ = {isa = PBXFileReference; lastKnownFileType = sourcecode.swift; path = RMEndpoint.swift; sourceTree = "<group>"; };
		7D1402202B1F424800811972 /* RMOrigin.swift */ = {isa = PBXFileReference; lastKnownFileType = sourcecode.swift; path = RMOrigin.swift; sourceTree = "<group>"; };
		7D1402222B1F437600811972 /* RMSingleLocation.swift */ = {isa = PBXFileReference; lastKnownFileType = sourcecode.swift; path = RMSingleLocation.swift; sourceTree = "<group>"; };
		7D1402242B1F4F1100811972 /* RMCharacterGender.swift */ = {isa = PBXFileReference; lastKnownFileType = sourcecode.swift; path = RMCharacterGender.swift; sourceTree = "<group>"; };
		7D7C4B072B2090F30017B2D0 /* RMGetAllCharactersResponse.swift */ = {isa = PBXFileReference; lastKnownFileType = sourcecode.swift; path = RMGetAllCharactersResponse.swift; sourceTree = "<group>"; };
/* End PBXFileReference section */

/* Begin PBXFrameworksBuildPhase section */
		7D1401E82B1DA13400811972 /* Frameworks */ = {
			isa = PBXFrameworksBuildPhase;
			buildActionMask = 2147483647;
			files = (
			);
			runOnlyForDeploymentPostprocessing = 0;
		};
/* End PBXFrameworksBuildPhase section */

/* Begin PBXGroup section */
		7D1401E22B1DA13400811972 = {
			isa = PBXGroup;
			children = (
				7D1401ED2B1DA13400811972 /* RickAndMorty */,
				7D1401EC2B1DA13400811972 /* Products */,
			);
			sourceTree = "<group>";
		};
		7D1401EC2B1DA13400811972 /* Products */ = {
			isa = PBXGroup;
			children = (
				7D1401EB2B1DA13400811972 /* RickAndMorty.app */,
			);
			name = Products;
			sourceTree = "<group>";
		};
		7D1401ED2B1DA13400811972 /* RickAndMorty */ = {
			isa = PBXGroup;
			children = (
				7D1402082B1DA81100811972 /* Resources */,
				7D1402072B1DA80800811972 /* Managers */,
				7D1402062B1DA7F000811972 /* APIClient */,
				7D1402052B1DA7E900811972 /* ViewModels */,
				7D1402042B1DA7E400811972 /* Views */,
				7D1402032B1DA7D800811972 /* Models */,
				7D1402022B1DA78000811972 /* Controllers */,
				7D1401FC2B1DA13500811972 /* Info.plist */,
			);
			path = RickAndMorty;
			sourceTree = "<group>";
		};
		7D1402022B1DA78000811972 /* Controllers */ = {
			isa = PBXGroup;
			children = (
				7D1402112B1DDF5300811972 /* Core */,
			);
			path = Controllers;
			sourceTree = "<group>";
		};
		7D1402032B1DA7D800811972 /* Models */ = {
			isa = PBXGroup;
			children = (
				7D7C4B062B2090B20017B2D0 /* APIResponseTypes */,
				7D7C4B052B2090A10017B2D0 /* DataTypes */,
			);
			path = Models;
			sourceTree = "<group>";
		};
		7D1402042B1DA7E400811972 /* Views */ = {
			isa = PBXGroup;
			children = (
			);
			path = Views;
			sourceTree = "<group>";
		};
		7D1402052B1DA7E900811972 /* ViewModels */ = {
			isa = PBXGroup;
			children = (
			);
			path = ViewModels;
			sourceTree = "<group>";
		};
		7D1402062B1DA7F000811972 /* APIClient */ = {
			isa = PBXGroup;
			children = (
				7D14021A2B1F249100811972 /* RMService.swift */,
				7D14021C2B1F24B300811972 /* RMRequest.swift */,
				7D14021E2B1F25F400811972 /* RMEndpoint.swift */,
			);
			path = APIClient;
			sourceTree = "<group>";
		};
		7D1402072B1DA80800811972 /* Managers */ = {
			isa = PBXGroup;
			children = (
			);
			path = Managers;
			sourceTree = "<group>";
		};
		7D1402082B1DA81100811972 /* Resources */ = {
			isa = PBXGroup;
			children = (
				7D1401F72B1DA13500811972 /* Assets.xcassets */,
				7D1401F92B1DA13500811972 /* LaunchScreen.storyboard */,
				7D1401EE2B1DA13400811972 /* AppDelegate.swift */,
				7D1401F02B1DA13400811972 /* SceneDelegate.swift */,
			);
			path = Resources;
			sourceTree = "<group>";
		};
		7D1402112B1DDF5300811972 /* Core */ = {
			isa = PBXGroup;
			children = (
				7D1401F22B1DA13400811972 /* RMTabBarViewController.swift */,
				7D1402122B1DDF8A00811972 /* RMCharacterViewController.swift */,
				7D1402142B1DDF9600811972 /* RMEpisodeViewController.swift */,
				7D1402162B1DDFA600811972 /* RMLocationViewController.swift */,
				7D1402182B1DDFBF00811972 /* RMSettingsViewController.swift */,
			);
			path = Core;
			sourceTree = "<group>";
		};
		7D7C4B052B2090A10017B2D0 /* DataTypes */ = {
			isa = PBXGroup;
			children = (
				7D1402092B1DDEA900811972 /* RMLocation.swift */,
				7D14020B2B1DDEB900811972 /* RMCharacter.swift */,
				7D14020D2B1DDEC600811972 /* RMEpisode.swift */,
				7D1402202B1F424800811972 /* RMOrigin.swift */,
				7D1402222B1F437600811972 /* RMSingleLocation.swift */,
				7D1402242B1F4F1100811972 /* RMCharacterGender.swift */,
			);
			path = DataTypes;
			sourceTree = "<group>";
		};
		7D7C4B062B2090B20017B2D0 /* APIResponseTypes */ = {
			isa = PBXGroup;
			children = (
				7D7C4B072B2090F30017B2D0 /* RMGetAllCharactersResponse.swift */,
			);
			path = APIResponseTypes;
			sourceTree = "<group>";
		};
/* End PBXGroup section */

/* Begin PBXNativeTarget section */
		7D1401EA2B1DA13400811972 /* RickAndMorty */ = {
			isa = PBXNativeTarget;
			buildConfigurationList = 7D1401FF2B1DA13500811972 /* Build configuration list for PBXNativeTarget "RickAndMorty" */;
			buildPhases = (
				7D1401E72B1DA13400811972 /* Sources */,
				7D1401E82B1DA13400811972 /* Frameworks */,
				7D1401E92B1DA13400811972 /* Resources */,
			);
			buildRules = (
			);
			dependencies = (
			);
			name = RickAndMorty;
			productName = RickAndMorty;
			productReference = 7D1401EB2B1DA13400811972 /* RickAndMorty.app */;
			productType = "com.apple.product-type.application";
		};
/* End PBXNativeTarget section */

/* Begin PBXProject section */
		7D1401E32B1DA13400811972 /* Project object */ = {
			isa = PBXProject;
			attributes = {
				BuildIndependentTargetsInParallel = 1;
				LastSwiftUpdateCheck = 1420;
				LastUpgradeCheck = 1420;
				TargetAttributes = {
					7D1401EA2B1DA13400811972 = {
						CreatedOnToolsVersion = 14.2;
					};
				};
			};
			buildConfigurationList = 7D1401E62B1DA13400811972 /* Build configuration list for PBXProject "RickAndMorty" */;
			compatibilityVersion = "Xcode 14.0";
			developmentRegion = en;
			hasScannedForEncodings = 0;
			knownRegions = (
				en,
				Base,
			);
			mainGroup = 7D1401E22B1DA13400811972;
			productRefGroup = 7D1401EC2B1DA13400811972 /* Products */;
			projectDirPath = "";
			projectRoot = "";
			targets = (
				7D1401EA2B1DA13400811972 /* RickAndMorty */,
			);
		};
/* End PBXProject section */

/* Begin PBXResourcesBuildPhase section */
		7D1401E92B1DA13400811972 /* Resources */ = {
			isa = PBXResourcesBuildPhase;
			buildActionMask = 2147483647;
			files = (
				7D1401FB2B1DA13500811972 /* LaunchScreen.storyboard in Resources */,
				7D1401F82B1DA13500811972 /* Assets.xcassets in Resources */,
			);
			runOnlyForDeploymentPostprocessing = 0;
		};
/* End PBXResourcesBuildPhase section */

/* Begin PBXSourcesBuildPhase section */
		7D1401E72B1DA13400811972 /* Sources */ = {
			isa = PBXSourcesBuildPhase;
			buildActionMask = 2147483647;
			files = (
				7D1402212B1F424900811972 /* RMOrigin.swift in Sources */,
				7D1402232B1F437600811972 /* RMSingleLocation.swift in Sources */,
				7D1402172B1DDFA600811972 /* RMLocationViewController.swift in Sources */,
				7D1402252B1F4F1100811972 /* RMCharacterGender.swift in Sources */,
				7D14020E2B1DDEC600811972 /* RMEpisode.swift in Sources */,
				7D1401F32B1DA13400811972 /* RMTabBarViewController.swift in Sources */,
				7D1401EF2B1DA13400811972 /* AppDelegate.swift in Sources */,
				7D1401F12B1DA13400811972 /* SceneDelegate.swift in Sources */,
				7D14020A2B1DDEA900811972 /* RMLocation.swift in Sources */,
				7D1402192B1DDFBF00811972 /* RMSettingsViewController.swift in Sources */,
				7D14021B2B1F249100811972 /* RMService.swift in Sources */,
				7D14020C2B1DDEB900811972 /* RMCharacter.swift in Sources */,
				7D14021F2B1F25F400811972 /* RMEndpoint.swift in Sources */,
				7D7C4B082B2090F30017B2D0 /* RMGetAllCharactersResponse.swift in Sources */,
				7D1402132B1DDF8A00811972 /* RMCharacterViewController.swift in Sources */,
				7D14021D2B1F24B300811972 /* RMRequest.swift in Sources */,
				7D1402152B1DDF9600811972 /* RMEpisodeViewController.swift in Sources */,
			);
			runOnlyForDeploymentPostprocessing = 0;
		};
/* End PBXSourcesBuildPhase section */

/* Begin PBXVariantGroup section */
		7D1401F92B1DA13500811972 /* LaunchScreen.storyboard */ = {
			isa = PBXVariantGroup;
			children = (
				7D1401FA2B1DA13500811972 /* Base */,
			);
			name = LaunchScreen.storyboard;
			sourceTree = "<group>";
		};
/* End PBXVariantGroup section */

/* Begin XCBuildConfiguration section */
		7D1401FD2B1DA13500811972 /* Debug */ = {
			isa = XCBuildConfiguration;
			buildSettings = {
				ALWAYS_SEARCH_USER_PATHS = NO;
				CLANG_ANALYZER_NONNULL = YES;
				CLANG_ANALYZER_NUMBER_OBJECT_CONVERSION = YES_AGGRESSIVE;
				CLANG_CXX_LANGUAGE_STANDARD = "gnu++20";
				CLANG_ENABLE_MODULES = YES;
				CLANG_ENABLE_OBJC_ARC = YES;
				CLANG_ENABLE_OBJC_WEAK = YES;
				CLANG_WARN_BLOCK_CAPTURE_AUTORELEASING = YES;
				CLANG_WARN_BOOL_CONVERSION = YES;
				CLANG_WARN_COMMA = YES;
				CLANG_WARN_CONSTANT_CONVERSION = YES;
				CLANG_WARN_DEPRECATED_OBJC_IMPLEMENTATIONS = YES;
				CLANG_WARN_DIRECT_OBJC_ISA_USAGE = YES_ERROR;
				CLANG_WARN_DOCUMENTATION_COMMENTS = YES;
				CLANG_WARN_EMPTY_BODY = YES;
				CLANG_WARN_ENUM_CONVERSION = YES;
				CLANG_WARN_INFINITE_RECURSION = YES;
				CLANG_WARN_INT_CONVERSION = YES;
				CLANG_WARN_NON_LITERAL_NULL_CONVERSION = YES;
				CLANG_WARN_OBJC_IMPLICIT_RETAIN_SELF = YES;
				CLANG_WARN_OBJC_LITERAL_CONVERSION = YES;
				CLANG_WARN_OBJC_ROOT_CLASS = YES_ERROR;
				CLANG_WARN_QUOTED_INCLUDE_IN_FRAMEWORK_HEADER = YES;
				CLANG_WARN_RANGE_LOOP_ANALYSIS = YES;
				CLANG_WARN_STRICT_PROTOTYPES = YES;
				CLANG_WARN_SUSPICIOUS_MOVE = YES;
				CLANG_WARN_UNGUARDED_AVAILABILITY = YES_AGGRESSIVE;
				CLANG_WARN_UNREACHABLE_CODE = YES;
				CLANG_WARN__DUPLICATE_METHOD_MATCH = YES;
				COPY_PHASE_STRIP = NO;
				DEBUG_INFORMATION_FORMAT = dwarf;
				ENABLE_STRICT_OBJC_MSGSEND = YES;
				ENABLE_TESTABILITY = YES;
				GCC_C_LANGUAGE_STANDARD = gnu11;
				GCC_DYNAMIC_NO_PIC = NO;
				GCC_NO_COMMON_BLOCKS = YES;
				GCC_OPTIMIZATION_LEVEL = 0;
				GCC_PREPROCESSOR_DEFINITIONS = (
					"DEBUG=1",
					"$(inherited)",
				);
				GCC_WARN_64_TO_32_BIT_CONVERSION = YES;
				GCC_WARN_ABOUT_RETURN_TYPE = YES_ERROR;
				GCC_WARN_UNDECLARED_SELECTOR = YES;
				GCC_WARN_UNINITIALIZED_AUTOS = YES_AGGRESSIVE;
				GCC_WARN_UNUSED_FUNCTION = YES;
				GCC_WARN_UNUSED_VARIABLE = YES;
				IPHONEOS_DEPLOYMENT_TARGET = 16.2;
				MTL_ENABLE_DEBUG_INFO = INCLUDE_SOURCE;
				MTL_FAST_MATH = YES;
				ONLY_ACTIVE_ARCH = YES;
				SDKROOT = iphoneos;
				SWIFT_ACTIVE_COMPILATION_CONDITIONS = DEBUG;
				SWIFT_OPTIMIZATION_LEVEL = "-Onone";
			};
			name = Debug;
		};
		7D1401FE2B1DA13500811972 /* Release */ = {
			isa = XCBuildConfiguration;
			buildSettings = {
				ALWAYS_SEARCH_USER_PATHS = NO;
				CLANG_ANALYZER_NONNULL = YES;
				CLANG_ANALYZER_NUMBER_OBJECT_CONVERSION = YES_AGGRESSIVE;
				CLANG_CXX_LANGUAGE_STANDARD = "gnu++20";
				CLANG_ENABLE_MODULES = YES;
				CLANG_ENABLE_OBJC_ARC = YES;
				CLANG_ENABLE_OBJC_WEAK = YES;
				CLANG_WARN_BLOCK_CAPTURE_AUTORELEASING = YES;
				CLANG_WARN_BOOL_CONVERSION = YES;
				CLANG_WARN_COMMA = YES;
				CLANG_WARN_CONSTANT_CONVERSION = YES;
				CLANG_WARN_DEPRECATED_OBJC_IMPLEMENTATIONS = YES;
				CLANG_WARN_DIRECT_OBJC_ISA_USAGE = YES_ERROR;
				CLANG_WARN_DOCUMENTATION_COMMENTS = YES;
				CLANG_WARN_EMPTY_BODY = YES;
				CLANG_WARN_ENUM_CONVERSION = YES;
				CLANG_WARN_INFINITE_RECURSION = YES;
				CLANG_WARN_INT_CONVERSION = YES;
				CLANG_WARN_NON_LITERAL_NULL_CONVERSION = YES;
				CLANG_WARN_OBJC_IMPLICIT_RETAIN_SELF = YES;
				CLANG_WARN_OBJC_LITERAL_CONVERSION = YES;
				CLANG_WARN_OBJC_ROOT_CLASS = YES_ERROR;
				CLANG_WARN_QUOTED_INCLUDE_IN_FRAMEWORK_HEADER = YES;
				CLANG_WARN_RANGE_LOOP_ANALYSIS = YES;
				CLANG_WARN_STRICT_PROTOTYPES = YES;
				CLANG_WARN_SUSPICIOUS_MOVE = YES;
				CLANG_WARN_UNGUARDED_AVAILABILITY = YES_AGGRESSIVE;
				CLANG_WARN_UNREACHABLE_CODE = YES;
				CLANG_WARN__DUPLICATE_METHOD_MATCH = YES;
				COPY_PHASE_STRIP = NO;
				DEBUG_INFORMATION_FORMAT = "dwarf-with-dsym";
				ENABLE_NS_ASSERTIONS = NO;
				ENABLE_STRICT_OBJC_MSGSEND = YES;
				GCC_C_LANGUAGE_STANDARD = gnu11;
				GCC_NO_COMMON_BLOCKS = YES;
				GCC_WARN_64_TO_32_BIT_CONVERSION = YES;
				GCC_WARN_ABOUT_RETURN_TYPE = YES_ERROR;
				GCC_WARN_UNDECLARED_SELECTOR = YES;
				GCC_WARN_UNINITIALIZED_AUTOS = YES_AGGRESSIVE;
				GCC_WARN_UNUSED_FUNCTION = YES;
				GCC_WARN_UNUSED_VARIABLE = YES;
				IPHONEOS_DEPLOYMENT_TARGET = 16.2;
				MTL_ENABLE_DEBUG_INFO = NO;
				MTL_FAST_MATH = YES;
				SDKROOT = iphoneos;
				SWIFT_COMPILATION_MODE = wholemodule;
				SWIFT_OPTIMIZATION_LEVEL = "-O";
				VALIDATE_PRODUCT = YES;
			};
			name = Release;
		};
		7D1402002B1DA13500811972 /* Debug */ = {
			isa = XCBuildConfiguration;
			buildSettings = {
				ASSETCATALOG_COMPILER_APPICON_NAME = AppIcon;
				ASSETCATALOG_COMPILER_GLOBAL_ACCENT_COLOR_NAME = AccentColor;
				CODE_SIGN_STYLE = Automatic;
				CURRENT_PROJECT_VERSION = 1;
				GENERATE_INFOPLIST_FILE = YES;
				INFOPLIST_FILE = RickAndMorty/Info.plist;
				INFOPLIST_KEY_UIApplicationSupportsIndirectInputEvents = YES;
				INFOPLIST_KEY_UILaunchStoryboardName = LaunchScreen;
				INFOPLIST_KEY_UISupportedInterfaceOrientations_iPad = "UIInterfaceOrientationPortrait UIInterfaceOrientationPortraitUpsideDown UIInterfaceOrientationLandscapeLeft UIInterfaceOrientationLandscapeRight";
				INFOPLIST_KEY_UISupportedInterfaceOrientations_iPhone = "UIInterfaceOrientationPortrait UIInterfaceOrientationLandscapeLeft UIInterfaceOrientationLandscapeRight";
				LD_RUNPATH_SEARCH_PATHS = (
					"$(inherited)",
					"@executable_path/Frameworks",
				);
				MARKETING_VERSION = 1.0;
				PRODUCT_BUNDLE_IDENTIFIER = com.abdulaziz.RickAndMorty;
				PRODUCT_NAME = "$(TARGET_NAME)";
				SWIFT_EMIT_LOC_STRINGS = YES;
				SWIFT_VERSION = 5.0;
				TARGETED_DEVICE_FAMILY = "1,2";
			};
			name = Debug;
		};
		7D1402012B1DA13500811972 /* Release */ = {
			isa = XCBuildConfiguration;
			buildSettings = {
				ASSETCATALOG_COMPILER_APPICON_NAME = AppIcon;
				ASSETCATALOG_COMPILER_GLOBAL_ACCENT_COLOR_NAME = AccentColor;
				CODE_SIGN_STYLE = Automatic;
				CURRENT_PROJECT_VERSION = 1;
				GENERATE_INFOPLIST_FILE = YES;
				INFOPLIST_FILE = RickAndMorty/Info.plist;
				INFOPLIST_KEY_UIApplicationSupportsIndirectInputEvents = YES;
				INFOPLIST_KEY_UILaunchStoryboardName = LaunchScreen;
				INFOPLIST_KEY_UISupportedInterfaceOrientations_iPad = "UIInterfaceOrientationPortrait UIInterfaceOrientationPortraitUpsideDown UIInterfaceOrientationLandscapeLeft UIInterfaceOrientationLandscapeRight";
				INFOPLIST_KEY_UISupportedInterfaceOrientations_iPhone = "UIInterfaceOrientationPortrait UIInterfaceOrientationLandscapeLeft UIInterfaceOrientationLandscapeRight";
				LD_RUNPATH_SEARCH_PATHS = (
					"$(inherited)",
					"@executable_path/Frameworks",
				);
				MARKETING_VERSION = 1.0;
				PRODUCT_BUNDLE_IDENTIFIER = com.abdulaziz.RickAndMorty;
				PRODUCT_NAME = "$(TARGET_NAME)";
				SWIFT_EMIT_LOC_STRINGS = YES;
				SWIFT_VERSION = 5.0;
				TARGETED_DEVICE_FAMILY = "1,2";
			};
			name = Release;
		};
/* End XCBuildConfiguration section */

/* Begin XCConfigurationList section */
		7D1401E62B1DA13400811972 /* Build configuration list for PBXProject "RickAndMorty" */ = {
			isa = XCConfigurationList;
			buildConfigurations = (
				7D1401FD2B1DA13500811972 /* Debug */,
				7D1401FE2B1DA13500811972 /* Release */,
			);
			defaultConfigurationIsVisible = 0;
			defaultConfigurationName = Release;
		};
		7D1401FF2B1DA13500811972 /* Build configuration list for PBXNativeTarget "RickAndMorty" */ = {
			isa = XCConfigurationList;
			buildConfigurations = (
				7D1402002B1DA13500811972 /* Debug */,
				7D1402012B1DA13500811972 /* Release */,
			);
			defaultConfigurationIsVisible = 0;
			defaultConfigurationName = Release;
		};
/* End XCConfigurationList section */
	};
	rootObject = 7D1401E32B1DA13400811972 /* Project object */;
}
